<?xml version="1.0" encoding="utf-8"?>
<Project ToolsVersion="4.0" xmlns="http://schemas.microsoft.com/developer/msbuild/2003">
  <ItemGroup>
    <Filter Include="Quelldateien">
      <UniqueIdentifier>{4FC737F1-C7A5-4376-A066-2A32D752A2FF}</UniqueIdentifier>
      <Extensions>cpp;c;cc;cxx;def;odl;idl;hpj;bat;asm;asmx</Extensions>
    </Filter>
    <Filter Include="Ressourcendateien">
      <UniqueIdentifier>{67DA6AB6-F800-4c08-8B7A-83BB121AAD01}</UniqueIdentifier>
      <Extensions>rc;ico;cur;bmp;dlg;rc2;rct;bin;rgs;gif;jpg;jpeg;jpe;resx;tiff;tif;png;wav;mfcribbon-ms</Extensions>
    </Filter>
    <Filter Include="intern">
      <UniqueIdentifier>{93995380-89BD-4b04-88EB-625FBE52EBFB}</UniqueIdentifier>
      <Extensions>h;hh;hpp;hxx;hm;inl;inc;ipp;xsd</Extensions>
    </Filter>
  </ItemGroup>
  <ItemGroup>
    <ClInclude Include="..\BLI_float4x4.hh">
      <Filter>Quelldateien</Filter>
    </ClInclude>
    <ClInclude Include="..\node_geometry_util.hh">
      <Filter>Quelldateien</Filter>
    </ClInclude>
    <ClInclude Include="..\BKE_mesh.h">
      <Filter>Quelldateien</Filter>
    </ClInclude>
    <ClInclude Include="..\BKE_volume.h">
      <Filter>Quelldateien</Filter>
    </ClInclude>
    <ClInclude Include="..\DEG_depsgraph_query.h">
      <Filter>Quelldateien</Filter>
    </ClInclude>
    <ClInclude Include="..\BLI_float3.hh">
      <Filter>Quelldateien</Filter>
    </ClInclude>
    <ClInclude Include="..\BLI_math_matrix.h">
      <Filter>Quelldateien</Filter>
    </ClInclude>
    <ClInclude Include="..\BLI_compiler_attrs.h">
      <Filter>Quelldateien</Filter>
    </ClInclude>
    <ClInclude Include="..\BLI_sys_types.h">
      <Filter>Quelldateien</Filter>
    </ClInclude>
    <ClInclude Include="..\BKE_mesh_types.h">
      <Filter>Quelldateien</Filter>
    </ClInclude>
    <ClInclude Include="..\BLI_utildefines.h">
      <Filter>Quelldateien</Filter>
    </ClInclude>
    <ClInclude Include="..\BLI_compiler_compat.h">
      <Filter>Quelldateien</Filter>
    </ClInclude>
    <ClInclude Include="..\BLI_math_vector.h">
      <Filter>Quelldateien</Filter>
    </ClInclude>
    <ClInclude Include="..\BLI_utildefines_variadic.h">
      <Filter>Quelldateien</Filter>
    </ClInclude>
    <ClInclude Include="..\BLI_assert.h">
      <Filter>Quelldateien</Filter>
    </ClInclude>
    <ClInclude Include="..\BLI_math_inline.h">
      <Filter>Quelldateien</Filter>
    </ClInclude>
    <ClInclude Include="..\BLI_compiler_typecheck.h">
      <Filter>Quelldateien</Filter>
    </ClInclude>
    <ClInclude Include="..\BLI_math.h">
      <Filter>Quelldateien</Filter>
    </ClInclude>
    <ClInclude Include="..\BLI_math_base.h">
      <Filter>Quelldateien</Filter>
    </ClInclude>
    <ClInclude Include="..\BLI_math_geom.h">
      <Filter>Quelldateien</Filter>
    </ClInclude>
    <ClInclude Include="..\BLI_math_interp.h">
      <Filter>Quelldateien</Filter>
    </ClInclude>
    <ClInclude Include="..\BLI_math_color.h">
      <Filter>Quelldateien</Filter>
    </ClInclude>
    <ClInclude Include="..\BLI_math_rotation.h">
      <Filter>Quelldateien</Filter>
    </ClInclude>
    <ClInclude Include="..\BLI_math_solvers.h">
      <Filter>Quelldateien</Filter>
    </ClInclude>
    <ClInclude Include="..\BLI_math_statistics.h">
      <Filter>Quelldateien</Filter>
    </ClInclude>
    <ClInclude Include="..\BLI_simd.h">
      <Filter>Quelldateien</Filter>
    </ClInclude>
    <ClInclude Include="..\BLI_iterator.h">
      <Filter>Quelldateien</Filter>
    </ClInclude>
    <ClInclude Include="..\DEG_depsgraph.h">
      <Filter>Quelldateien</Filter>
    </ClInclude>
    <ClInclude Include="..\DEG_depsgraph_build.h">
      <Filter>Quelldateien</Filter>
    </ClInclude>
    <ClInclude Include="..\MEM_guardedalloc.h">
      <Filter>Quelldateien</Filter>
    </ClInclude>
    <ClInclude Include="..\BKE_node.h">
      <Filter>Quelldateien</Filter>
    </ClInclude>
    <ClInclude Include="..\BLT_translation.h">
      <Filter>Quelldateien</Filter>
    </ClInclude>
    <ClInclude Include="..\NOD_geometry.h">
      <Filter>Quelldateien</Filter>
    </ClInclude>
    <ClInclude Include="..\NOD_geometry_exec.hh">
      <Filter>Quelldateien</Filter>
    </ClInclude>
    <ClInclude Include="..\node_util.h">
      <Filter>Quelldateien</Filter>
    </ClInclude>
    <ClInclude Include="..\NOD_socket.h">
      <Filter>Quelldateien</Filter>
    </ClInclude>
    <ClInclude Include="..\BLI_ghash.h">
      <Filter>Quelldateien</Filter>
    </ClInclude>
    <ClInclude Include="..\RNA_types.h">
      <Filter>Quelldateien</Filter>
    </ClInclude>
    <ClInclude Include="..\FN_generic_value_map.hh">
      <Filter>Quelldateien</Filter>
    </ClInclude>
    <ClInclude Include="..\BKE_attribute_access.hh">
      <Filter>Quelldateien</Filter>
    </ClInclude>
    <ClInclude Include="..\BKE_geometry_set.hh">
      <Filter>Quelldateien</Filter>
    </ClInclude>
    <ClInclude Include="..\BKE_geometry_set_instances.hh">
      <Filter>Quelldateien</Filter>
    </ClInclude>
    <ClInclude Include="..\BKE_node_ui_storage.hh">
      <Filter>Quelldateien</Filter>
    </ClInclude>
    <ClInclude Include="..\BKE_persistent_data_handle.hh">
      <Filter>Quelldateien</Filter>
    </ClInclude>
    <ClInclude Include="..\NOD_derived_node_tree.hh">
      <Filter>Quelldateien</Filter>
    </ClInclude>
    <ClInclude Include="..\BLI_function_ref.hh">
      <Filter>Quelldateien</Filter>
    </ClInclude>
    <ClInclude Include="..\BLI_vector_set.hh">
      <Filter>Quelldateien</Filter>
    </ClInclude>
    <ClInclude Include="..\NOD_node_tree_ref.hh">
      <Filter>Quelldateien</Filter>
    </ClInclude>
    <ClInclude Include="..\BLI_array.hh">
      <Filter>Quelldateien</Filter>
    </ClInclude>
    <ClInclude Include="..\BLI_linear_allocator.hh">
      <Filter>Quelldateien</Filter>
    </ClInclude>
    <ClInclude Include="..\BLI_map.hh">
      <Filter>Quelldateien</Filter>
    </ClInclude>
    <ClInclude Include="..\BLI_multi_value_map.hh">
      <Filter>Quelldateien</Filter>
    </ClInclude>
    <ClInclude Include="..\BLI_string_ref.hh">
      <Filter>Quelldateien</Filter>
    </ClInclude>
    <ClInclude Include="..\BLI_timeit.hh">
      <Filter>Quelldateien</Filter>
    </ClInclude>
    <ClInclude Include="..\BLI_utility_mixins.hh">
      <Filter>Quelldateien</Filter>
    </ClInclude>
    <ClInclude Include="..\BLI_vector.hh">
      <Filter>Quelldateien</Filter>
    </ClInclude>
    <ClInclude Include="..\RNA_access.h">
      <Filter>Quelldateien</Filter>
    </ClInclude>
    <ClInclude Include="..\BLI_span.hh">
      <Filter>Quelldateien</Filter>
    </ClInclude>
    <ClInclude Include="..\FN_cpp_type.hh">
      <Filter>Quelldateien</Filter>
    </ClInclude>
    <ClInclude Include="..\FN_generic_span.hh">
      <Filter>Quelldateien</Filter>
    </ClInclude>
    <ClInclude Include="..\FN_generic_virtual_array.hh">
      <Filter>Quelldateien</Filter>
    </ClInclude>
    <ClInclude Include="..\BKE_attribute.h">
      <Filter>Quelldateien</Filter>
    </ClInclude>
    <ClInclude Include="..\BLI_color.hh">
      <Filter>Quelldateien</Filter>
    </ClInclude>
    <ClInclude Include="..\BLI_float2.hh">
      <Filter>Quelldateien</Filter>
    </ClInclude>
    <ClInclude Include="..\BLI_hash.hh">
      <Filter>Quelldateien</Filter>
    </ClInclude>
    <ClInclude Include="..\BLI_index_mask.hh">
      <Filter>Quelldateien</Filter>
    </ClInclude>
    <ClInclude Include="..\BLI_index_range.hh">
      <Filter>Quelldateien</Filter>
    </ClInclude>
    <ClInclude Include="..\BLI_memory_utils.hh">
      <Filter>Quelldateien</Filter>
    </ClInclude>
    <ClInclude Include="..\BLI_allocator.hh">
      <Filter>Quelldateien</Filter>
    </ClInclude>
    <ClInclude Include="..\BLI_listbase_wrapper.hh">
      <Filter>Quelldateien</Filter>
    </ClInclude>
    <ClInclude Include="..\BLI_string.h">
      <Filter>Quelldateien</Filter>
    </ClInclude>
    <ClInclude Include="..\BLI_listbase.h">
      <Filter>Quelldateien</Filter>
    </ClInclude>
    <ClInclude Include="..\BLI_hash_tables.hh">
      <Filter>Quelldateien</Filter>
    </ClInclude>
    <ClInclude Include="..\BLI_map_slots.hh">
      <Filter>Quelldateien</Filter>
    </ClInclude>
    <ClInclude Include="..\BLI_probing_strategies.hh">
      <Filter>Quelldateien</Filter>
    </ClInclude>
    <ClInclude Include="..\FN_generic_pointer.hh">
      <Filter>Quelldateien</Filter>
    </ClInclude>
    <ClInclude Include="..\BLI_virtual_array.hh">
      <Filter>Quelldateien</Filter>
    </ClInclude>
    <ClInclude Include="..\BKE_customdata.h">
      <Filter>Quelldateien</Filter>
    </ClInclude>
    <ClInclude Include="..\BLI_set.hh">
      <Filter>Quelldateien</Filter>
    </ClInclude>
    <ClInclude Include="..\BLI_user_counter.hh">
      <Filter>Quelldateien</Filter>
    </ClInclude>
    <ClInclude Include="..\BKE_geometry_set.h">
      <Filter>Quelldateien</Filter>
    </ClInclude>
    <ClInclude Include="..\BLI_set_slots.hh">
      <Filter>Quelldateien</Filter>
    </ClInclude>
    <ClInclude Include="..\BLI_session_uuid.h">
      <Filter>Quelldateien</Filter>
    </ClInclude>
    <ClInclude Include="..\BLI_vector_set_slots.hh">
      <Filter>Quelldateien</Filter>
    </ClInclude>
    <ClInclude Include="..\GPU_material.h">
      <Filter>Quelldateien</Filter>
    </ClInclude>
    <ClInclude Include="..\GPU_texture.h">
      <Filter>Quelldateien</Filter>
    </ClInclude>
    <ClInclude Include="..\GPU_state.h">
      <Filter>Quelldateien</Filter>
    </ClInclude>
    <ClInclude Include="..\ccall.h">
      <Filter>Quelldateien</Filter>
    </ClInclude>
    <ClInclude Include="..\BLI_rand.hh">
      <Filter>Quelldateien</Filter>
    </ClInclude>
    <ClInclude Include="..\BKE_attribute_math.hh">
      <Filter>Quelldateien</Filter>
    </ClInclude>
    <ClInclude Include="..\BKE_deform.h">
      <Filter>Quelldateien</Filter>
    </ClInclude>
    <ClInclude Include="..\BKE_lib_id.h">
      <Filter>Quelldateien</Filter>
    </ClInclude>
    <ClInclude Include="..\attribute_access_intern.hh">
      <Filter>Quelldateien</Filter>
    </ClInclude>
    <ClInclude Include="..\BKE_pointcloud.h">
      <Filter>Quelldateien</Filter>
    </ClInclude>
    <ClInclude Include="..\BKE_mesh_wrapper.h">
      <Filter>Quelldateien</Filter>
    </ClInclude>
    <ClInclude Include="..\BKE_modifier.h">
      <Filter>Quelldateien</Filter>
    </ClInclude>
    <ClInclude Include="..\intern\mallocn_inline.h">
      <Filter>intern</Filter>
    </ClInclude>
    <ClInclude Include="..\intern\mallocn_intern.h">
      <Filter>intern</Filter>
    </ClInclude>
    <ClInclude Include="..\BLI_strict_flags.h">
      <Filter>Quelldateien</Filter>
    </ClInclude>
    <ClInclude Include="..\atomic_ops.h">
      <Filter>Quelldateien</Filter>
    </ClInclude>
    <ClInclude Include="..\intern\atomic_ops_ext.h">
      <Filter>intern</Filter>
    </ClInclude>
    <ClInclude Include="..\intern\atomic_ops_msvc.h">
      <Filter>intern</Filter>
    </ClInclude>
    <ClInclude Include="..\intern\atomic_ops_unix.h">
      <Filter>intern</Filter>
    </ClInclude>
    <ClInclude Include="..\intern\atomic_ops_utils.h">
      <Filter>intern</Filter>
    </ClInclude>
    <ClInclude Include="..\BLI_fileops.h">
      <Filter>Quelldateien</Filter>
    </ClInclude>
    <ClInclude Include="..\BLI_path_util.h">
      <Filter>Quelldateien</Filter>
    </ClInclude>
    <ClInclude Include="..\BKE_anim_data.h">
      <Filter>Quelldateien</Filter>
    </ClInclude>
    <ClInclude Include="..\BKE_global.h">
      <Filter>Quelldateien</Filter>
    </ClInclude>
    <ClInclude Include="..\BKE_idtype.h">
      <Filter>Quelldateien</Filter>
    </ClInclude>
    <ClInclude Include="..\BKE_lib_query.h">
      <Filter>Quelldateien</Filter>
    </ClInclude>
    <ClInclude Include="..\BKE_lib_remap.h">
      <Filter>Quelldateien</Filter>
    </ClInclude>
    <ClInclude Include="..\BKE_main.h">
      <Filter>Quelldateien</Filter>
    </ClInclude>
    <ClInclude Include="..\BKE_object.h">
      <Filter>Quelldateien</Filter>
    </ClInclude>
    <ClInclude Include="..\BKE_packedFile.h">
      <Filter>Quelldateien</Filter>
    </ClInclude>
    <ClInclude Include="..\BKE_report.h">
      <Filter>Quelldateien</Filter>
    </ClInclude>
    <ClInclude Include="..\BKE_scene.h">
      <Filter>Quelldateien</Filter>
    </ClInclude>
    <ClInclude Include="..\BLO_read_write.h">
      <Filter>Quelldateien</Filter>
    </ClInclude>
    <ClInclude Include="..\CLG_log.h">
      <Filter>Quelldateien</Filter>
    </ClInclude>
    <ClInclude Include="..\DNA_windowmanager_types.h">
      <Filter>intern</Filter>
    </ClInclude>
    <ClInclude Include="..\BLI_alloca.h">
      <Filter>Quelldateien</Filter>
    </ClInclude>
    <ClInclude Include="..\BLI_memarena.h">
      <Filter>Quelldateien</Filter>
    </ClInclude>
    <ClInclude Include="..\BLI_system.h">
      <Filter>Quelldateien</Filter>
    </ClInclude>
    <ClInclude Include="..\DNA_action_types.h">
      <Filter>Quelldateien</Filter>
    </ClInclude>
    <ClInclude Include="..\DNA_anim_types.h">
      <Filter>Quelldateien</Filter>
    </ClInclude>
    <ClInclude Include="..\DNA_pointcloud_types.h">
      <Filter>Quelldateien</Filter>
    </ClInclude>
    <ClInclude Include="..\DNA_armature_defaults.h">
      <Filter>Quelldateien</Filter>
    </ClInclude>
    <ClInclude Include="..\DNA_armature_types.h">
      <Filter>Quelldateien</Filter>
    </ClInclude>
    <ClInclude Include="..\DNA_asset_defaults.h">
      <Filter>Quelldateien</Filter>
    </ClInclude>
    <ClInclude Include="..\DNA_asset_types.h">
      <Filter>Quelldateien</Filter>
    </ClInclude>
    <ClInclude Include="..\DNA_boid_types.h">
      <Filter>Quelldateien</Filter>
    </ClInclude>
    <ClInclude Include="..\DNA_brush_defaults.h">
      <Filter>Quelldateien</Filter>
    </ClInclude>
    <ClInclude Include="..\DNA_brush_enums.h">
      <Filter>Quelldateien</Filter>
    </ClInclude>
    <ClInclude Include="..\DNA_brush_types.h">
      <Filter>Quelldateien</Filter>
    </ClInclude>
    <ClInclude Include="..\DNA_cachefile_defaults.h">
      <Filter>Quelldateien</Filter>
    </ClInclude>
    <ClInclude Include="..\DNA_cachefile_types.h">
      <Filter>Quelldateien</Filter>
    </ClInclude>
    <ClInclude Include="..\DNA_camera_defaults.h">
      <Filter>Quelldateien</Filter>
    </ClInclude>
    <ClInclude Include="..\DNA_camera_types.h">
      <Filter>Quelldateien</Filter>
    </ClInclude>
    <ClInclude Include="..\DNA_cloth_types.h">
      <Filter>Quelldateien</Filter>
    </ClInclude>
    <ClInclude Include="..\DNA_collection_defaults.h">
      <Filter>Quelldateien</Filter>
    </ClInclude>
    <ClInclude Include="..\DNA_collection_types.h">
      <Filter>Quelldateien</Filter>
    </ClInclude>
    <ClInclude Include="..\DNA_color_types.h">
      <Filter>Quelldateien</Filter>
    </ClInclude>
    <ClInclude Include="..\DNA_constraint_types.h">
      <Filter>Quelldateien</Filter>
    </ClInclude>
    <ClInclude Include="..\DNA_curve_defaults.h">
      <Filter>Quelldateien</Filter>
    </ClInclude>
    <ClInclude Include="..\DNA_curve_types.h">
      <Filter>Quelldateien</Filter>
    </ClInclude>
    <ClInclude Include="..\DNA_curveprofile_types.h">
      <Filter>Quelldateien</Filter>
    </ClInclude>
    <ClInclude Include="..\DNA_customdata_types.h">
      <Filter>Quelldateien</Filter>
    </ClInclude>
    <ClInclude Include="..\DNA_defaults.h">
      <Filter>Quelldateien</Filter>
    </ClInclude>
    <ClInclude Include="..\DNA_defs.h">
      <Filter>Quelldateien</Filter>
    </ClInclude>
    <ClInclude Include="..\DNA_documentation.h">
      <Filter>Quelldateien</Filter>
    </ClInclude>
    <ClInclude Include="..\DNA_dynamicpaint_types.h">
      <Filter>Quelldateien</Filter>
    </ClInclude>
    <ClInclude Include="..\DNA_effect_types.h">
      <Filter>Quelldateien</Filter>
    </ClInclude>
    <ClInclude Include="..\DNA_fileglobal_types.h">
      <Filter>Quelldateien</Filter>
    </ClInclude>
    <ClInclude Include="..\DNA_fluid_defaults.h">
      <Filter>Quelldateien</Filter>
    </ClInclude>
    <ClInclude Include="..\DNA_fluid_types.h">
      <Filter>Quelldateien</Filter>
    </ClInclude>
    <ClInclude Include="..\DNA_freestyle_types.h">
      <Filter>Quelldateien</Filter>
    </ClInclude>
    <ClInclude Include="..\DNA_genfile.h">
      <Filter>Quelldateien</Filter>
    </ClInclude>
    <ClInclude Include="..\DNA_gpencil_modifier_defaults.h">
      <Filter>Quelldateien</Filter>
    </ClInclude>
    <ClInclude Include="..\DNA_gpencil_modifier_types.h">
      <Filter>Quelldateien</Filter>
    </ClInclude>
    <ClInclude Include="..\DNA_gpencil_types.h">
      <Filter>Quelldateien</Filter>
    </ClInclude>
    <ClInclude Include="..\DNA_gpu_types.h">
      <Filter>Quelldateien</Filter>
    </ClInclude>
    <ClInclude Include="..\DNA_hair_defaults.h">
      <Filter>Quelldateien</Filter>
    </ClInclude>
    <ClInclude Include="..\DNA_hair_types.h">
      <Filter>Quelldateien</Filter>
    </ClInclude>
    <ClInclude Include="..\DNA_ID.h">
      <Filter>Quelldateien</Filter>
    </ClInclude>
    <ClInclude Include="..\DNA_ID_enums.h">
      <Filter>Quelldateien</Filter>
    </ClInclude>
    <ClInclude Include="..\DNA_image_defaults.h">
      <Filter>Quelldateien</Filter>
    </ClInclude>
    <ClInclude Include="..\DNA_image_types.h">
      <Filter>Quelldateien</Filter>
    </ClInclude>
    <ClInclude Include="..\DNA_ipo_types.h">
      <Filter>Quelldateien</Filter>
    </ClInclude>
    <ClInclude Include="..\DNA_key_types.h">
      <Filter>Quelldateien</Filter>
    </ClInclude>
    <ClInclude Include="..\DNA_lattice_defaults.h">
      <Filter>Quelldateien</Filter>
    </ClInclude>
    <ClInclude Include="..\DNA_lattice_types.h">
      <Filter>Quelldateien</Filter>
    </ClInclude>
    <ClInclude Include="..\DNA_layer_types.h">
      <Filter>Quelldateien</Filter>
    </ClInclude>
    <ClInclude Include="..\DNA_light_defaults.h">
      <Filter>Quelldateien</Filter>
    </ClInclude>
    <ClInclude Include="..\DNA_light_types.h">
      <Filter>Quelldateien</Filter>
    </ClInclude>
    <ClInclude Include="..\DNA_lightprobe_defaults.h">
      <Filter>Quelldateien</Filter>
    </ClInclude>
    <ClInclude Include="..\DNA_lightprobe_types.h">
      <Filter>Quelldateien</Filter>
    </ClInclude>
    <ClInclude Include="..\DNA_lineart_types.h">
      <Filter>Quelldateien</Filter>
    </ClInclude>
    <ClInclude Include="..\DNA_linestyle_defaults.h">
      <Filter>Quelldateien</Filter>
    </ClInclude>
    <ClInclude Include="..\DNA_linestyle_types.h">
      <Filter>Quelldateien</Filter>
    </ClInclude>
    <ClInclude Include="..\DNA_listBase.h">
      <Filter>Quelldateien</Filter>
    </ClInclude>
    <ClInclude Include="..\DNA_mask_types.h">
      <Filter>Quelldateien</Filter>
    </ClInclude>
    <ClInclude Include="..\DNA_material_defaults.h">
      <Filter>Quelldateien</Filter>
    </ClInclude>
    <ClInclude Include="..\DNA_material_types.h">
      <Filter>Quelldateien</Filter>
    </ClInclude>
    <ClInclude Include="..\DNA_mesh_defaults.h">
      <Filter>Quelldateien</Filter>
    </ClInclude>
    <ClInclude Include="..\DNA_mesh_types.h">
      <Filter>Quelldateien</Filter>
    </ClInclude>
    <ClInclude Include="..\DNA_meshdata_types.h">
      <Filter>Quelldateien</Filter>
    </ClInclude>
    <ClInclude Include="..\DNA_meta_defaults.h">
      <Filter>Quelldateien</Filter>
    </ClInclude>
    <ClInclude Include="..\DNA_meta_types.h">
      <Filter>Quelldateien</Filter>
    </ClInclude>
    <ClInclude Include="..\DNA_modifier_defaults.h">
      <Filter>Quelldateien</Filter>
    </ClInclude>
    <ClInclude Include="..\DNA_modifier_types.h">
      <Filter>Quelldateien</Filter>
    </ClInclude>
    <ClInclude Include="..\DNA_movieclip_defaults.h">
      <Filter>Quelldateien</Filter>
    </ClInclude>
    <ClInclude Include="..\DNA_movieclip_types.h">
      <Filter>Quelldateien</Filter>
    </ClInclude>
    <ClInclude Include="..\DNA_nla_types.h">
      <Filter>Quelldateien</Filter>
    </ClInclude>
    <ClInclude Include="..\DNA_node_types.h">
      <Filter>Quelldateien</Filter>
    </ClInclude>
    <ClInclude Include="..\DNA_object_defaults.h">
      <Filter>Quelldateien</Filter>
    </ClInclude>
    <ClInclude Include="..\DNA_object_enums.h">
      <Filter>Quelldateien</Filter>
    </ClInclude>
    <ClInclude Include="..\DNA_object_fluidsim_types.h">
      <Filter>Quelldateien</Filter>
    </ClInclude>
    <ClInclude Include="..\DNA_object_force_types.h">
      <Filter>Quelldateien</Filter>
    </ClInclude>
    <ClInclude Include="..\DNA_object_types.h">
      <Filter>Quelldateien</Filter>
    </ClInclude>
    <ClInclude Include="..\DNA_outliner_types.h">
      <Filter>Quelldateien</Filter>
    </ClInclude>
    <ClInclude Include="..\DNA_packedFile_types.h">
      <Filter>Quelldateien</Filter>
    </ClInclude>
    <ClInclude Include="..\DNA_particle_defaults.h">
      <Filter>Quelldateien</Filter>
    </ClInclude>
    <ClInclude Include="..\DNA_particle_types.h">
      <Filter>Quelldateien</Filter>
    </ClInclude>
    <ClInclude Include="..\DNA_pointcache_types.h">
      <Filter>Quelldateien</Filter>
    </ClInclude>
    <ClInclude Include="..\DNA_pointcloud_defaults.h">
      <Filter>Quelldateien</Filter>
    </ClInclude>
    <ClInclude Include="..\DNA_rigidbody_types.h">
      <Filter>Quelldateien</Filter>
    </ClInclude>
    <ClInclude Include="..\DNA_scene_defaults.h">
      <Filter>Quelldateien</Filter>
    </ClInclude>
    <ClInclude Include="..\DNA_scene_types.h">
      <Filter>Quelldateien</Filter>
    </ClInclude>
    <ClInclude Include="..\DNA_screen_types.h">
      <Filter>Quelldateien</Filter>
    </ClInclude>
    <ClInclude Include="..\DNA_sdna_types.h">
      <Filter>Quelldateien</Filter>
    </ClInclude>
    <ClInclude Include="..\DNA_sequence_types.h">
      <Filter>Quelldateien</Filter>
    </ClInclude>
    <ClInclude Include="..\DNA_session_uuid_types.h">
      <Filter>Quelldateien</Filter>
    </ClInclude>
    <ClInclude Include="..\DNA_shader_fx_types.h">
      <Filter>Quelldateien</Filter>
    </ClInclude>
    <ClInclude Include="..\DNA_simulation_defaults.h">
      <Filter>Quelldateien</Filter>
    </ClInclude>
    <ClInclude Include="..\DNA_simulation_types.h">
      <Filter>Quelldateien</Filter>
    </ClInclude>
    <ClInclude Include="..\DNA_sound_types.h">
      <Filter>Quelldateien</Filter>
    </ClInclude>
    <ClInclude Include="..\DNA_space_types.h">
      <Filter>Quelldateien</Filter>
    </ClInclude>
    <ClInclude Include="..\DNA_speaker_defaults.h">
      <Filter>Quelldateien</Filter>
    </ClInclude>
    <ClInclude Include="..\DNA_speaker_types.h">
      <Filter>Quelldateien</Filter>
    </ClInclude>
    <ClInclude Include="..\DNA_text_types.h">
      <Filter>Quelldateien</Filter>
    </ClInclude>
    <ClInclude Include="..\DNA_texture_defaults.h">
      <Filter>Quelldateien</Filter>
    </ClInclude>
    <ClInclude Include="..\DNA_texture_types.h">
      <Filter>Quelldateien</Filter>
    </ClInclude>
    <ClInclude Include="..\DNA_tracking_types.h">
      <Filter>Quelldateien</Filter>
    </ClInclude>
    <ClInclude Include="..\DNA_userdef_types.h">
      <Filter>Quelldateien</Filter>
    </ClInclude>
    <ClInclude Include="..\DNA_vec_defaults.h">
      <Filter>Quelldateien</Filter>
    </ClInclude>
    <ClInclude Include="..\DNA_vec_types.h">
      <Filter>Quelldateien</Filter>
    </ClInclude>
    <ClInclude Include="..\DNA_vfont_types.h">
      <Filter>Quelldateien</Filter>
    </ClInclude>
    <ClInclude Include="..\DNA_view2d_types.h">
      <Filter>Quelldateien</Filter>
    </ClInclude>
    <ClInclude Include="..\DNA_view3d_defaults.h">
      <Filter>Quelldateien</Filter>
    </ClInclude>
    <ClInclude Include="..\DNA_view3d_enums.h">
      <Filter>Quelldateien</Filter>
    </ClInclude>
    <ClInclude Include="..\DNA_view3d_types.h">
      <Filter>Quelldateien</Filter>
    </ClInclude>
    <ClInclude Include="..\DNA_volume_defaults.h">
      <Filter>Quelldateien</Filter>
    </ClInclude>
    <ClInclude Include="..\DNA_volume_types.h">
      <Filter>Quelldateien</Filter>
    </ClInclude>
    <ClInclude Include="..\DNA_workspace_types.h">
      <Filter>Quelldateien</Filter>
    </ClInclude>
    <ClInclude Include="..\DNA_world_defaults.h">
      <Filter>Quelldateien</Filter>
    </ClInclude>
    <ClInclude Include="..\DNA_world_types.h">
      <Filter>Quelldateien</Filter>
    </ClInclude>
    <ClInclude Include="..\DNA_xr_types.h">
      <Filter>Quelldateien</Filter>
    </ClInclude>
    <ClInclude Include="..\BLI_endian_switch.h">
      <Filter>Quelldateien</Filter>
    </ClInclude>
    <ClInclude Include="..\IMB_imbuf.h">
      <Filter>Quelldateien</Filter>
    </ClInclude>
    <ClInclude Include="..\BLI_endian_switch_inline.h">
      <Filter>Quelldateien</Filter>
    </ClInclude>
    <ClInclude Include="..\eigen_capi.h">
      <Filter>intern</Filter>
    </ClInclude>
    <ClInclude Include="..\eigenvalues.h">
      <Filter>intern</Filter>
    </ClInclude>
    <ClInclude Include="..\linear_solver.h">
      <Filter>intern</Filter>
    </ClInclude>
    <ClInclude Include="..\matrix.h">
      <Filter>intern</Filter>
    </ClInclude>
    <ClInclude Include="..\svd.h">
      <Filter>intern</Filter>
    </ClInclude>
    <ClInclude Include="..\dna_utils.h">
      <Filter>Quelldateien</Filter>
    </ClInclude>
  </ItemGroup>
  <ItemGroup>
    <ClCompile Include="..\node_geo_transform.cc">
      <Filter>Quelldateien</Filter>
    </ClCompile>
    <ClCompile Include="..\intern\math_vector_inline.c">
      <Filter>Quelldateien</Filter>
    </ClCompile>
    <ClCompile Include="..\intern\math_base_inline.c">
      <Filter>Quelldateien</Filter>
    </ClCompile>
    <ClCompile Include="..\intern\math_color_inline.c">
      <Filter>Quelldateien</Filter>
    </ClCompile>
    <ClCompile Include="..\intern\geometry_component_instances.cc">
      <Filter>intern</Filter>
    </ClCompile>
    <ClCompile Include="..\intern\geometry_component_mesh.cc">
      <Filter>intern</Filter>
    </ClCompile>
    <ClCompile Include="..\intern\geometry_component_pointcloud.cc">
      <Filter>intern</Filter>
    </ClCompile>
    <ClCompile Include="..\intern\geometry_component_volume.cc">
      <Filter>intern</Filter>
    </ClCompile>
    <ClCompile Include="..\intern\geometry_set.cc">
      <Filter>intern</Filter>
    </ClCompile>
    <ClCompile Include="..\intern\geometry_set_instances.cc">
      <Filter>intern</Filter>
    </ClCompile>
    <ClCompile Include="..\intern\leak_detector.cc">
      <Filter>intern</Filter>
    </ClCompile>
    <ClCompile Include="..\intern\mallocn.c">
      <Filter>intern</Filter>
    </ClCompile>
    <ClCompile Include="..\intern\mallocn_guarded_impl.c">
      <Filter>intern</Filter>
    </ClCompile>
    <ClCompile Include="..\intern\mallocn_lockfree_impl.c">
      <Filter>intern</Filter>
    </ClCompile>
    <ClCompile Include="..\intern\volume.cc">
      <Filter>intern</Filter>
    </ClCompile>
    <ClCompile Include="..\dna_defaults.c">
      <Filter>Quelldateien</Filter>
    </ClCompile>
    <ClCompile Include="..\dna_genfile.c">
      <Filter>Quelldateien</Filter>
    </ClCompile>
    <ClCompile Include="..\BLI_ghash.c">
      <Filter>Quelldateien</Filter>
    </ClCompile>
    <ClCompile Include="..\BLI_ghash_utils.c">
      <Filter>Quelldateien</Filter>
    </ClCompile>
    <ClCompile Include="..\BLI_heap.c">
      <Filter>Quelldateien</Filter>
    </ClCompile>
    <ClCompile Include="..\BLI_heap_simple.c">
      <Filter>Quelldateien</Filter>
    </ClCompile>
    <ClCompile Include="..\BLI_index_range.cc">
      <Filter>Quelldateien</Filter>
    </ClCompile>
    <ClCompile Include="..\BLI_kdopbvh.c">
      <Filter>Quelldateien</Filter>
    </ClCompile>
    <ClCompile Include="..\BLI_linklist.c">
      <Filter>Quelldateien</Filter>
    </ClCompile>
    <ClCompile Include="..\BLI_linklist_lockfree.c">
      <Filter>Quelldateien</Filter>
    </ClCompile>
    <ClCompile Include="..\BLI_memarena.c">
      <Filter>Quelldateien</Filter>
    </ClCompile>
    <ClCompile Include="..\BLI_memblock.c">
      <Filter>Quelldateien</Filter>
    </ClCompile>
    <ClCompile Include="..\BLI_memiter.c">
      <Filter>Quelldateien</Filter>
    </ClCompile>
    <ClCompile Include="..\BLI_mempool.c">
      <Filter>Quelldateien</Filter>
    </ClCompile>
    <ClCompile Include="..\BLI_mmap.c">
      <Filter>Quelldateien</Filter>
    </ClCompile>
    <ClCompile Include="..\BLI_timer.c">
      <Filter>Quelldateien</Filter>
    </ClCompile>
    <ClCompile Include="..\BLI_args.c">
      <Filter>Quelldateien</Filter>
    </ClCompile>
    <ClCompile Include="..\BLI_array.c">
      <Filter>Quelldateien</Filter>
    </ClCompile>
    <ClCompile Include="..\BLI_assert.c">
      <Filter>Quelldateien</Filter>
    </ClCompile>
    <ClCompile Include="..\BLI_dial_2d.c">
      <Filter>Quelldateien</Filter>
    </ClCompile>
    <ClCompile Include="..\BLI_dynstr.c">
      <Filter>Quelldateien</Filter>
    </ClCompile>
    <ClCompile Include="..\BLI_filelist.c">
      <Filter>Quelldateien</Filter>
    </ClCompile>
    <ClCompile Include="..\math_geom.c">
      <Filter>intern</Filter>
    </ClCompile>
    <ClCompile Include="..\math_geom_inline.c">
      <Filter>intern</Filter>
    </ClCompile>
    <ClCompile Include="..\math_interp.c">
      <Filter>intern</Filter>
    </ClCompile>
    <ClCompile Include="..\math_matrix.c">
      <Filter>intern</Filter>
    </ClCompile>
    <ClCompile Include="..\math_rotation.c">
      <Filter>intern</Filter>
    </ClCompile>
    <ClCompile Include="..\math_solvers.c">
      <Filter>intern</Filter>
    </ClCompile>
    <ClCompile Include="..\math_statistics.c">
      <Filter>intern</Filter>
    </ClCompile>
    <ClCompile Include="..\math_vec.cc">
      <Filter>intern</Filter>
    </ClCompile>
    <ClCompile Include="..\math_vector.c">
      <Filter>intern</Filter>
    </ClCompile>
    <ClCompile Include="..\math_vector_inline.c">
      <Filter>intern</Filter>
    </ClCompile>
    <ClCompile Include="..\memory_utils.c">
      <Filter>intern</Filter>
    </ClCompile>
    <ClCompile Include="..\mesh_boolean.cc">
      <Filter>intern</Filter>
    </ClCompile>
    <ClCompile Include="..\mesh_intersect.cc">
      <Filter>intern</Filter>
    </ClCompile>
    <ClCompile Include="..\listbase.c">
      <Filter>intern</Filter>
    </ClCompile>
    <ClCompile Include="..\math_base.c">
      <Filter>intern</Filter>
    </ClCompile>
    <ClCompile Include="..\math_base_inline.c">
      <Filter>intern</Filter>
    </ClCompile>
    <ClCompile Include="..\math_base_safe_inline.c">
      <Filter>intern</Filter>
    </ClCompile>
    <ClCompile Include="..\math_bits_inline.c">
      <Filter>intern</Filter>
    </ClCompile>
    <ClCompile Include="..\math_boolean.cc">
      <Filter>intern</Filter>
    </ClCompile>
    <ClCompile Include="..\math_color.c">
      <Filter>intern</Filter>
    </ClCompile>
    <ClCompile Include="..\math_color_blend_inline.c">
      <Filter>intern</Filter>
    </ClCompile>
    <ClCompile Include="..\math_color_inline.c">
      <Filter>intern</Filter>
    </ClCompile>
    <ClCompile Include="..\eigenvalues.cc">
      <Filter>intern</Filter>
    </ClCompile>
    <ClCompile Include="..\linear_solver.cc">
      <Filter>intern</Filter>
    </ClCompile>
    <ClCompile Include="..\matrix.cc">
      <Filter>intern</Filter>
    </ClCompile>
    <ClCompile Include="..\svd.cc">
      <Filter>intern</Filter>
    </ClCompile>
    <ClCompile Include="..\dna_utils.c">
      <Filter>Quelldateien</Filter>
    </ClCompile>
  </ItemGroup>
</Project>