<?xml version="1.0" encoding="utf-8"?>
<Project ToolsVersion="4.0" xmlns="http://schemas.microsoft.com/developer/msbuild/2003">
  <ItemGroup>
    <Filter Include="Quelldateien">
      <UniqueIdentifier>{4FC737F1-C7A5-4376-A066-2A32D752A2FF}</UniqueIdentifier>
      <Extensions>cpp;c;cc;cxx;def;odl;idl;hpj;bat;asm;asmx</Extensions>
    </Filter>
    <Filter Include="Headerdateien">
      <UniqueIdentifier>{93995380-89BD-4b04-88EB-625FBE52EBFB}</UniqueIdentifier>
      <Extensions>h;hh;hpp;hxx;hm;inl;inc;ipp;xsd</Extensions>
    </Filter>
    <Filter Include="Ressourcendateien">
      <UniqueIdentifier>{67DA6AB6-F800-4c08-8B7A-83BB121AAD01}</UniqueIdentifier>
      <Extensions>rc;ico;cur;bmp;dlg;rc2;rct;bin;rgs;gif;jpg;jpeg;jpe;resx;tiff;tif;png;wav;mfcribbon-ms</Extensions>
    </Filter>
  </ItemGroup>
  <ItemGroup>
    <ClCompile Include="..\dna_defaults.c">
      <Filter>Quelldateien</Filter>
    </ClCompile>
    <ClCompile Include="..\dna_genfile.c">
      <Filter>Quelldateien</Filter>
    </ClCompile>
    <ClCompile Include="..\dna_utils.c">
      <Filter>Quelldateien</Filter>
    </ClCompile>
    <ClCompile Include="..\makesdna.c">
      <Filter>Quelldateien</Filter>
    </ClCompile>
    <ClCompile Include="..\BLI_dial_2d.c">
      <Filter>Quelldateien</Filter>
    </ClCompile>
    <ClCompile Include="..\BLI_dynstr.c">
      <Filter>Quelldateien</Filter>
    </ClCompile>
    <ClCompile Include="..\BLI_filelist.c">
      <Filter>Quelldateien</Filter>
    </ClCompile>
    <ClCompile Include="..\BLI_ghash.c">
      <Filter>Quelldateien</Filter>
    </ClCompile>
    <ClCompile Include="..\BLI_ghash_utils.c">
      <Filter>Quelldateien</Filter>
    </ClCompile>
    <ClCompile Include="..\BLI_heap.c">
      <Filter>Quelldateien</Filter>
    </ClCompile>
    <ClCompile Include="..\BLI_heap_simple.c">
      <Filter>Quelldateien</Filter>
    </ClCompile>
    <ClCompile Include="..\BLI_index_range.cc">
      <Filter>Quelldateien</Filter>
    </ClCompile>
    <ClCompile Include="..\BLI_linklist.c">
      <Filter>Quelldateien</Filter>
    </ClCompile>
    <ClCompile Include="..\BLI_linklist_lockfree.c">
      <Filter>Quelldateien</Filter>
    </ClCompile>
    <ClCompile Include="..\BLI_memarena.c">
      <Filter>Quelldateien</Filter>
    </ClCompile>
    <ClCompile Include="..\BLI_memblock.c">
      <Filter>Quelldateien</Filter>
    </ClCompile>
    <ClCompile Include="..\BLI_memiter.c">
      <Filter>Quelldateien</Filter>
    </ClCompile>
    <ClCompile Include="..\BLI_mempool.c">
      <Filter>Quelldateien</Filter>
    </ClCompile>
    <ClCompile Include="..\BLI_mmap.c">
      <Filter>Quelldateien</Filter>
    </ClCompile>
    <ClCompile Include="..\BLI_timer.c">
      <Filter>Quelldateien</Filter>
    </ClCompile>
    <ClCompile Include="..\BLI_args.c">
      <Filter>Quelldateien</Filter>
    </ClCompile>
    <ClCompile Include="..\BLI_array.c">
      <Filter>Quelldateien</Filter>
    </ClCompile>
    <ClCompile Include="..\BLI_assert.c">
      <Filter>Quelldateien</Filter>
    </ClCompile>
    <ClCompile Include="..\utf_winfunc.c">
      <Filter>Quelldateien</Filter>
    </ClCompile>
    <ClCompile Include="..\utfconv.c">
      <Filter>Quelldateien</Filter>
    </ClCompile>
    <ClCompile Include="..\math_geom_inline.c">
      <Filter>Quelldateien</Filter>
    </ClCompile>
    <ClCompile Include="..\math_interp.c">
      <Filter>Quelldateien</Filter>
    </ClCompile>
    <ClCompile Include="..\math_matrix.c">
      <Filter>Quelldateien</Filter>
    </ClCompile>
    <ClCompile Include="..\math_rotation.c">
      <Filter>Quelldateien</Filter>
    </ClCompile>
    <ClCompile Include="..\math_solvers.c">
      <Filter>Quelldateien</Filter>
    </ClCompile>
    <ClCompile Include="..\math_statistics.c">
      <Filter>Quelldateien</Filter>
    </ClCompile>
    <ClCompile Include="..\math_vec.cc">
      <Filter>Quelldateien</Filter>
    </ClCompile>
    <ClCompile Include="..\math_vector.c">
      <Filter>Quelldateien</Filter>
    </ClCompile>
    <ClCompile Include="..\math_vector_inline.c">
      <Filter>Quelldateien</Filter>
    </ClCompile>
    <ClCompile Include="..\memory_utils.c">
      <Filter>Quelldateien</Filter>
    </ClCompile>
    <ClCompile Include="..\mesh_boolean.cc">
      <Filter>Quelldateien</Filter>
    </ClCompile>
    <ClCompile Include="..\listbase.c">
      <Filter>Quelldateien</Filter>
    </ClCompile>
    <ClCompile Include="..\math_base.c">
      <Filter>Quelldateien</Filter>
    </ClCompile>
    <ClCompile Include="..\math_base_inline.c">
      <Filter>Quelldateien</Filter>
    </ClCompile>
    <ClCompile Include="..\math_base_safe_inline.c">
      <Filter>Quelldateien</Filter>
    </ClCompile>
    <ClCompile Include="..\math_bits_inline.c">
      <Filter>Quelldateien</Filter>
    </ClCompile>
    <ClCompile Include="..\math_boolean.cc">
      <Filter>Quelldateien</Filter>
    </ClCompile>
    <ClCompile Include="..\math_color.c">
      <Filter>Quelldateien</Filter>
    </ClCompile>
    <ClCompile Include="..\math_color_blend_inline.c">
      <Filter>Quelldateien</Filter>
    </ClCompile>
    <ClCompile Include="..\math_color_inline.c">
      <Filter>Quelldateien</Filter>
    </ClCompile>
    <ClCompile Include="..\math_geom.c">
      <Filter>Quelldateien</Filter>
    </ClCompile>
    <ClCompile Include="..\eigenvalues.cc">
      <Filter>Quelldateien</Filter>
    </ClCompile>
    <ClCompile Include="..\linear_solver.cc">
      <Filter>Quelldateien</Filter>
    </ClCompile>
    <ClCompile Include="..\matrix.cc">
      <Filter>Quelldateien</Filter>
    </ClCompile>
    <ClCompile Include="..\svd.cc">
      <Filter>Quelldateien</Filter>
    </ClCompile>
    <ClCompile Include="..\path_util.c">
      <Filter>Quelldateien</Filter>
    </ClCompile>
    <ClCompile Include="..\convexhull_2d.c">
      <Filter>Quelldateien</Filter>
    </ClCompile>
    <ClCompile Include="..\delaunay_2d.cc">
      <Filter>Quelldateien</Filter>
    </ClCompile>
    <ClCompile Include="..\DLRB_tree.c">
      <Filter>Quelldateien</Filter>
    </ClCompile>
    <ClCompile Include="..\dot_export.cc">
      <Filter>Quelldateien</Filter>
    </ClCompile>
    <ClCompile Include="..\dynlib.c">
      <Filter>Quelldateien</Filter>
    </ClCompile>
    <ClCompile Include="..\easing.c">
      <Filter>Quelldateien</Filter>
    </ClCompile>
    <ClCompile Include="..\edgehash.c">
      <Filter>Quelldateien</Filter>
    </ClCompile>
    <ClCompile Include="..\endian_switch.c">
      <Filter>Quelldateien</Filter>
    </ClCompile>
    <ClCompile Include="..\expr_pylike_eval.c">
      <Filter>Quelldateien</Filter>
    </ClCompile>
    <ClCompile Include="..\fnmatch.c">
      <Filter>Quelldateien</Filter>
    </ClCompile>
    <ClCompile Include="..\gsqueue.c">
      <Filter>Quelldateien</Filter>
    </ClCompile>
    <ClCompile Include="..\hash_md5.c">
      <Filter>Quelldateien</Filter>
    </ClCompile>
    <ClCompile Include="..\hash_mm2a.c">
      <Filter>Quelldateien</Filter>
    </ClCompile>
    <ClCompile Include="..\hash_mm3.c">
      <Filter>Quelldateien</Filter>
    </ClCompile>
    <ClCompile Include="..\jitter_2d.c">
      <Filter>Quelldateien</Filter>
    </ClCompile>
    <ClCompile Include="..\kdtree_1d.c">
      <Filter>Quelldateien</Filter>
    </ClCompile>
    <ClCompile Include="..\kdtree_2d.c">
      <Filter>Quelldateien</Filter>
    </ClCompile>
    <ClCompile Include="..\kdtree_3d.c">
      <Filter>Quelldateien</Filter>
    </ClCompile>
    <ClCompile Include="..\kdtree_4d.c">
      <Filter>Quelldateien</Filter>
    </ClCompile>
    <ClCompile Include="..\lasso_2d.c">
      <Filter>Quelldateien</Filter>
    </ClCompile>
    <ClCompile Include="..\noise.c">
      <Filter>Quelldateien</Filter>
    </ClCompile>
    <ClCompile Include="..\polyfill_2d.c">
      <Filter>Quelldateien</Filter>
    </ClCompile>
    <ClCompile Include="..\polyfill_2d_beautify.c">
      <Filter>Quelldateien</Filter>
    </ClCompile>
    <ClCompile Include="..\quadric.c">
      <Filter>Quelldateien</Filter>
    </ClCompile>
    <ClCompile Include="..\rand.cc">
      <Filter>Quelldateien</Filter>
    </ClCompile>
    <ClCompile Include="..\rct.c">
      <Filter>Quelldateien</Filter>
    </ClCompile>
    <ClCompile Include="..\scanfill.c">
      <Filter>Quelldateien</Filter>
    </ClCompile>
    <ClCompile Include="..\scanfill_utils.c">
      <Filter>Quelldateien</Filter>
    </ClCompile>
    <ClCompile Include="..\session_uuid.c">
      <Filter>Quelldateien</Filter>
    </ClCompile>
    <ClCompile Include="..\smallhash.c">
      <Filter>Quelldateien</Filter>
    </ClCompile>
    <ClCompile Include="..\sort.c">
      <Filter>Quelldateien</Filter>
    </ClCompile>
    <ClCompile Include="..\sort_utils.c">
      <Filter>Quelldateien</Filter>
    </ClCompile>
    <ClCompile Include="..\stack.c">
      <Filter>Quelldateien</Filter>
    </ClCompile>
    <ClCompile Include="..\storage.c">
      <Filter>Quelldateien</Filter>
    </ClCompile>
    <ClCompile Include="..\string.c">
      <Filter>Quelldateien</Filter>
    </ClCompile>
    <ClCompile Include="..\string_cursor_utf8.c">
      <Filter>Quelldateien</Filter>
    </ClCompile>
    <ClCompile Include="..\string_search.cc">
      <Filter>Quelldateien</Filter>
    </ClCompile>
    <ClCompile Include="..\string_utils.c">
      <Filter>Quelldateien</Filter>
    </ClCompile>
    <ClCompile Include="..\system.c">
      <Filter>Quelldateien</Filter>
    </ClCompile>
    <ClCompile Include="..\system_win32.c">
      <Filter>Quelldateien</Filter>
    </ClCompile>
    <ClCompile Include="..\task_graph.cc">
      <Filter>Quelldateien</Filter>
    </ClCompile>
    <ClCompile Include="..\task_iterator.c">
      <Filter>Quelldateien</Filter>
    </ClCompile>
    <ClCompile Include="..\task_pool.cc">
      <Filter>Quelldateien</Filter>
    </ClCompile>
    <ClCompile Include="..\task_range.cc">
      <Filter>Quelldateien</Filter>
    </ClCompile>
    <ClCompile Include="..\task_scheduler.cc">
      <Filter>Quelldateien</Filter>
    </ClCompile>
    <ClCompile Include="..\threads.cc">
      <Filter>Quelldateien</Filter>
    </ClCompile>
    <ClCompile Include="..\time.c">
      <Filter>Quelldateien</Filter>
    </ClCompile>
    <ClCompile Include="..\timecode.c">
      <Filter>Quelldateien</Filter>
    </ClCompile>
    <ClCompile Include="..\timeit.cc">
      <Filter>Quelldateien</Filter>
    </ClCompile>
    <ClCompile Include="..\uvproject.c">
      <Filter>Quelldateien</Filter>
    </ClCompile>
    <ClCompile Include="..\voronoi_2d.c">
      <Filter>Quelldateien</Filter>
    </ClCompile>
    <ClCompile Include="..\voxel.c">
      <Filter>Quelldateien</Filter>
    </ClCompile>
    <ClCompile Include="..\winstuff.c">
      <Filter>Quelldateien</Filter>
    </ClCompile>
    <ClCompile Include="..\winstuff_dir.c">
      <Filter>Quelldateien</Filter>
    </ClCompile>
    <ClCompile Include="..\array_store.c">
      <Filter>Quelldateien</Filter>
    </ClCompile>
    <ClCompile Include="..\array_store_utils.c">
      <Filter>Quelldateien</Filter>
    </ClCompile>
    <ClCompile Include="..\array_utils.c">
      <Filter>Quelldateien</Filter>
    </ClCompile>
    <ClCompile Include="..\astar.c">
      <Filter>Quelldateien</Filter>
    </ClCompile>
    <ClCompile Include="..\bitmap.c">
      <Filter>Quelldateien</Filter>
    </ClCompile>
    <ClCompile Include="..\bitmap_draw_2d.c">
      <Filter>Quelldateien</Filter>
    </ClCompile>
    <ClCompile Include="..\boxpack_2d.c">
      <Filter>Quelldateien</Filter>
    </ClCompile>
    <ClCompile Include="..\buffer.c">
      <Filter>Quelldateien</Filter>
    </ClCompile>
    <ClCompile Include="..\numaapi.c">
      <Filter>Quelldateien</Filter>
    </ClCompile>
    <ClCompile Include="..\numaapi_win32.c">
      <Filter>Quelldateien</Filter>
    </ClCompile>
    <ClCompile Include="..\fileops.c">
      <Filter>Quelldateien</Filter>
    </ClCompile>
    <ClCompile Include="..\string_utf8.c">
      <Filter>Quelldateien</Filter>
    </ClCompile>
    <ClCompile Include="..\wcwidth.c">
      <Filter>Quelldateien</Filter>
    </ClCompile>
    <ClCompile Include="..\mallocn.c">
      <Filter>Quelldateien</Filter>
    </ClCompile>
    <ClCompile Include="..\mallocn_guarded_impl.c">
      <Filter>Quelldateien</Filter>
    </ClCompile>
    <ClCompile Include="..\leak_detector.cc">
      <Filter>Quelldateien</Filter>
    </ClCompile>
    <ClCompile Include="..\mallocn_lockfree_impl.c">
      <Filter>Quelldateien</Filter>
    </ClCompile>
  </ItemGroup>
  <ItemGroup>
    <ClInclude Include="..\dna_rename_defs.h">
      <Filter>Quelldateien</Filter>
    </ClInclude>
    <ClInclude Include="..\dna_utils.h">
      <Filter>Quelldateien</Filter>
    </ClInclude>
    <ClInclude Include="..\BLI_args.h">
      <Filter>Quelldateien</Filter>
    </ClInclude>
    <ClInclude Include="..\utf_winfunc.h">
      <Filter>Quelldateien</Filter>
    </ClInclude>
    <ClInclude Include="..\utfconv.h">
      <Filter>Quelldateien</Filter>
    </ClInclude>
    <ClInclude Include="..\eigen_capi.h">
      <Filter>Quelldateien</Filter>
    </ClInclude>
    <ClInclude Include="..\eigenvalues.h">
      <Filter>Quelldateien</Filter>
    </ClInclude>
    <ClInclude Include="..\linear_solver.h">
      <Filter>Quelldateien</Filter>
    </ClInclude>
    <ClInclude Include="..\matrix.h">
      <Filter>Quelldateien</Filter>
    </ClInclude>
    <ClInclude Include="..\svd.h">
      <Filter>Quelldateien</Filter>
    </ClInclude>
    <ClInclude Include="..\kdtree_impl.h">
      <Filter>Quelldateien</Filter>
    </ClInclude>
    <ClInclude Include="..\build_config.h">
      <Filter>Quelldateien</Filter>
    </ClInclude>
    <ClInclude Include="..\numaapi.h">
      <Filter>Quelldateien</Filter>
    </ClInclude>
    <ClInclude Include="..\wcwidth.h">
      <Filter>Quelldateien</Filter>
    </ClInclude>
    <ClInclude Include="..\mallocn_inline.h">
      <Filter>Quelldateien</Filter>
    </ClInclude>
    <ClInclude Include="..\mallocn_intern.h">
      <Filter>Quelldateien</Filter>
    </ClInclude>
  </ItemGroup>
  <ItemGroup>
    <None Include="..\storage_apple.mm">
      <Filter>Quelldateien</Filter>
    </None>
  </ItemGroup>
</Project>